// !$*UTF8*$!
{
	archiveVersion = 1;
	classes = {
	};
	objectVersion = 46;
	objects = {

/* Begin PBXBuildFile section */
		0530F0D2E4E9A463FE3AB6EF /* Pods_BroadwayReaderTests.framework in Frameworks */ = {isa = PBXBuildFile; fileRef = 761E2500D97F6D978189FE57 /* Pods_BroadwayReaderTests.framework */; };
		5A2462EF1F6721FD00213A22 /* AppDelegate.swift in Sources */ = {isa = PBXBuildFile; fileRef = 5A2462EE1F6721FD00213A22 /* AppDelegate.swift */; };
		5A2462F11F6721FD00213A22 /* ViewController.swift in Sources */ = {isa = PBXBuildFile; fileRef = 5A2462F01F6721FD00213A22 /* ViewController.swift */; };
		5A2462F61F6721FD00213A22 /* Assets.xcassets in Resources */ = {isa = PBXBuildFile; fileRef = 5A2462F51F6721FD00213A22 /* Assets.xcassets */; };
		5A2462F91F6721FD00213A22 /* LaunchScreen.storyboard in Resources */ = {isa = PBXBuildFile; fileRef = 5A2462F71F6721FD00213A22 /* LaunchScreen.storyboard */; };
		5A2463041F6721FD00213A22 /* BroadwayReaderTests.swift in Sources */ = {isa = PBXBuildFile; fileRef = 5A2463031F6721FD00213A22 /* BroadwayReaderTests.swift */; };
		5A24630F1F6721FD00213A22 /* BroadwayReaderUITests.swift in Sources */ = {isa = PBXBuildFile; fileRef = 5A24630E1F6721FD00213A22 /* BroadwayReaderUITests.swift */; };
		C5E8CB2D770E12A2177FE76B /* Pods_BroadwayReaderUITests.framework in Frameworks */ = {isa = PBXBuildFile; fileRef = F950BC51C4E7676ECF2584A6 /* Pods_BroadwayReaderUITests.framework */; };
		ED14C089CA7EB52155E8CA0C /* Pods_BroadwayReader.framework in Frameworks */ = {isa = PBXBuildFile; fileRef = AABF4473EBE32E1480D43866 /* Pods_BroadwayReader.framework */; };
/* End PBXBuildFile section */

/* Begin PBXContainerItemProxy section */
		5A2463001F6721FD00213A22 /* PBXContainerItemProxy */ = {
			isa = PBXContainerItemProxy;
			containerPortal = 5A2462E31F6721FD00213A22 /* Project object */;
			proxyType = 1;
			remoteGlobalIDString = 5A2462EA1F6721FD00213A22;
			remoteInfo = BroadwayReader;
		};
		5A24630B1F6721FD00213A22 /* PBXContainerItemProxy */ = {
			isa = PBXContainerItemProxy;
			containerPortal = 5A2462E31F6721FD00213A22 /* Project object */;
			proxyType = 1;
			remoteGlobalIDString = 5A2462EA1F6721FD00213A22;
			remoteInfo = BroadwayReader;
		};
/* End PBXContainerItemProxy section */

/* Begin PBXFileReference section */
		1BE8B7CB024945622FE5C0FA /* Pods-BroadwayReaderUITests.release.xcconfig */ = {isa = PBXFileReference; includeInIndex = 1; lastKnownFileType = text.xcconfig; name = "Pods-BroadwayReaderUITests.release.xcconfig"; path = "Pods/Target Support Files/Pods-BroadwayReaderUITests/Pods-BroadwayReaderUITests.release.xcconfig"; sourceTree = "<group>"; };
		50960F6DC894016C9AC9F992 /* Pods-BroadwayReaderUITests.debug.xcconfig */ = {isa = PBXFileReference; includeInIndex = 1; lastKnownFileType = text.xcconfig; name = "Pods-BroadwayReaderUITests.debug.xcconfig"; path = "Pods/Target Support Files/Pods-BroadwayReaderUITests/Pods-BroadwayReaderUITests.debug.xcconfig"; sourceTree = "<group>"; };
		5A2462EB1F6721FD00213A22 /* BroadwayReader.app */ = {isa = PBXFileReference; explicitFileType = wrapper.application; includeInIndex = 0; path = BroadwayReader.app; sourceTree = BUILT_PRODUCTS_DIR; };
		5A2462EE1F6721FD00213A22 /* AppDelegate.swift */ = {isa = PBXFileReference; lastKnownFileType = sourcecode.swift; path = AppDelegate.swift; sourceTree = "<group>"; };
		5A2462F01F6721FD00213A22 /* ViewController.swift */ = {isa = PBXFileReference; lastKnownFileType = sourcecode.swift; path = ViewController.swift; sourceTree = "<group>"; };
		5A2462F51F6721FD00213A22 /* Assets.xcassets */ = {isa = PBXFileReference; lastKnownFileType = folder.assetcatalog; path = Assets.xcassets; sourceTree = "<group>"; };
		5A2462F81F6721FD00213A22 /* Base */ = {isa = PBXFileReference; lastKnownFileType = file.storyboard; name = Base; path = Base.lproj/LaunchScreen.storyboard; sourceTree = "<group>"; };
		5A2462FA1F6721FD00213A22 /* Info.plist */ = {isa = PBXFileReference; lastKnownFileType = text.plist.xml; path = Info.plist; sourceTree = "<group>"; };
		5A2462FF1F6721FD00213A22 /* BroadwayReaderTests.xctest */ = {isa = PBXFileReference; explicitFileType = wrapper.cfbundle; includeInIndex = 0; path = BroadwayReaderTests.xctest; sourceTree = BUILT_PRODUCTS_DIR; };
		5A2463031F6721FD00213A22 /* BroadwayReaderTests.swift */ = {isa = PBXFileReference; lastKnownFileType = sourcecode.swift; path = BroadwayReaderTests.swift; sourceTree = "<group>"; };
		5A2463051F6721FD00213A22 /* Info.plist */ = {isa = PBXFileReference; lastKnownFileType = text.plist.xml; path = Info.plist; sourceTree = "<group>"; };
		5A24630A1F6721FD00213A22 /* BroadwayReaderUITests.xctest */ = {isa = PBXFileReference; explicitFileType = wrapper.cfbundle; includeInIndex = 0; path = BroadwayReaderUITests.xctest; sourceTree = BUILT_PRODUCTS_DIR; };
		5A24630E1F6721FD00213A22 /* BroadwayReaderUITests.swift */ = {isa = PBXFileReference; lastKnownFileType = sourcecode.swift; path = BroadwayReaderUITests.swift; sourceTree = "<group>"; };
		5A2463101F6721FD00213A22 /* Info.plist */ = {isa = PBXFileReference; lastKnownFileType = text.plist.xml; path = Info.plist; sourceTree = "<group>"; };
		5E54C9FCA56B2D458E0D29D9 /* Pods-BroadwayReaderTests.debug.xcconfig */ = {isa = PBXFileReference; includeInIndex = 1; lastKnownFileType = text.xcconfig; name = "Pods-BroadwayReaderTests.debug.xcconfig"; path = "Pods/Target Support Files/Pods-BroadwayReaderTests/Pods-BroadwayReaderTests.debug.xcconfig"; sourceTree = "<group>"; };
		6BC247F6226F27C78170D10B /* Pods-BroadwayReader.debug.xcconfig */ = {isa = PBXFileReference; includeInIndex = 1; lastKnownFileType = text.xcconfig; name = "Pods-BroadwayReader.debug.xcconfig"; path = "Pods/Target Support Files/Pods-BroadwayReader/Pods-BroadwayReader.debug.xcconfig"; sourceTree = "<group>"; };
		761E2500D97F6D978189FE57 /* Pods_BroadwayReaderTests.framework */ = {isa = PBXFileReference; explicitFileType = wrapper.framework; includeInIndex = 0; path = Pods_BroadwayReaderTests.framework; sourceTree = BUILT_PRODUCTS_DIR; };
		AABF4473EBE32E1480D43866 /* Pods_BroadwayReader.framework */ = {isa = PBXFileReference; explicitFileType = wrapper.framework; includeInIndex = 0; path = Pods_BroadwayReader.framework; sourceTree = BUILT_PRODUCTS_DIR; };
		EA3E09B91B70DBCA2993B406 /* Pods-BroadwayReader.release.xcconfig */ = {isa = PBXFileReference; includeInIndex = 1; lastKnownFileType = text.xcconfig; name = "Pods-BroadwayReader.release.xcconfig"; path = "Pods/Target Support Files/Pods-BroadwayReader/Pods-BroadwayReader.release.xcconfig"; sourceTree = "<group>"; };
		F950BC51C4E7676ECF2584A6 /* Pods_BroadwayReaderUITests.framework */ = {isa = PBXFileReference; explicitFileType = wrapper.framework; includeInIndex = 0; path = Pods_BroadwayReaderUITests.framework; sourceTree = BUILT_PRODUCTS_DIR; };
		F9C23C675C385B00B9E194C8 /* Pods-BroadwayReaderTests.release.xcconfig */ = {isa = PBXFileReference; includeInIndex = 1; lastKnownFileType = text.xcconfig; name = "Pods-BroadwayReaderTests.release.xcconfig"; path = "Pods/Target Support Files/Pods-BroadwayReaderTests/Pods-BroadwayReaderTests.release.xcconfig"; sourceTree = "<group>"; };
/* End PBXFileReference section */

/* Begin PBXFrameworksBuildPhase section */
		5A2462E81F6721FD00213A22 /* Frameworks */ = {
			isa = PBXFrameworksBuildPhase;
			buildActionMask = 2147483647;
			files = (
				ED14C089CA7EB52155E8CA0C /* Pods_BroadwayReader.framework in Frameworks */,
			);
			runOnlyForDeploymentPostprocessing = 0;
		};
		5A2462FC1F6721FD00213A22 /* Frameworks */ = {
			isa = PBXFrameworksBuildPhase;
			buildActionMask = 2147483647;
			files = (
				0530F0D2E4E9A463FE3AB6EF /* Pods_BroadwayReaderTests.framework in Frameworks */,
			);
			runOnlyForDeploymentPostprocessing = 0;
		};
		5A2463071F6721FD00213A22 /* Frameworks */ = {
			isa = PBXFrameworksBuildPhase;
			buildActionMask = 2147483647;
			files = (
				C5E8CB2D770E12A2177FE76B /* Pods_BroadwayReaderUITests.framework in Frameworks */,
			);
			runOnlyForDeploymentPostprocessing = 0;
		};
/* End PBXFrameworksBuildPhase section */

/* Begin PBXGroup section */
		30E328820F64A7D22DBF6B28 /* Pods */ = {
			isa = PBXGroup;
			children = (
				6BC247F6226F27C78170D10B /* Pods-BroadwayReader.debug.xcconfig */,
				EA3E09B91B70DBCA2993B406 /* Pods-BroadwayReader.release.xcconfig */,
				5E54C9FCA56B2D458E0D29D9 /* Pods-BroadwayReaderTests.debug.xcconfig */,
				F9C23C675C385B00B9E194C8 /* Pods-BroadwayReaderTests.release.xcconfig */,
				50960F6DC894016C9AC9F992 /* Pods-BroadwayReaderUITests.debug.xcconfig */,
				1BE8B7CB024945622FE5C0FA /* Pods-BroadwayReaderUITests.release.xcconfig */,
			);
			name = Pods;
			sourceTree = "<group>";
		};
		5A2462E21F6721FD00213A22 = {
			isa = PBXGroup;
			children = (
				5A2462ED1F6721FD00213A22 /* BroadwayReader */,
				5A2463021F6721FD00213A22 /* BroadwayReaderTests */,
				5A24630D1F6721FD00213A22 /* BroadwayReaderUITests */,
				5A2462EC1F6721FD00213A22 /* Products */,
				30E328820F64A7D22DBF6B28 /* Pods */,
				DD96B87FE59EB6B7D4BDFD6A /* Frameworks */,
			);
			sourceTree = "<group>";
		};
		5A2462EC1F6721FD00213A22 /* Products */ = {
			isa = PBXGroup;
			children = (
				5A2462EB1F6721FD00213A22 /* BroadwayReader.app */,
				5A2462FF1F6721FD00213A22 /* BroadwayReaderTests.xctest */,
				5A24630A1F6721FD00213A22 /* BroadwayReaderUITests.xctest */,
			);
			name = Products;
			sourceTree = "<group>";
		};
		5A2462ED1F6721FD00213A22 /* BroadwayReader */ = {
			isa = PBXGroup;
			children = (
				5A2462EE1F6721FD00213A22 /* AppDelegate.swift */,
				5A2462F01F6721FD00213A22 /* ViewController.swift */,
				5A2462F51F6721FD00213A22 /* Assets.xcassets */,
				5A2462F71F6721FD00213A22 /* LaunchScreen.storyboard */,
				5A2462FA1F6721FD00213A22 /* Info.plist */,
			);
			path = BroadwayReader;
			sourceTree = "<group>";
		};
		5A2463021F6721FD00213A22 /* BroadwayReaderTests */ = {
			isa = PBXGroup;
			children = (
				5A2463031F6721FD00213A22 /* BroadwayReaderTests.swift */,
				5A2463051F6721FD00213A22 /* Info.plist */,
			);
			path = BroadwayReaderTests;
			sourceTree = "<group>";
		};
		5A24630D1F6721FD00213A22 /* BroadwayReaderUITests */ = {
			isa = PBXGroup;
			children = (
				5A24630E1F6721FD00213A22 /* BroadwayReaderUITests.swift */,
				5A2463101F6721FD00213A22 /* Info.plist */,
			);
			path = BroadwayReaderUITests;
			sourceTree = "<group>";
		};
		DD96B87FE59EB6B7D4BDFD6A /* Frameworks */ = {
			isa = PBXGroup;
			children = (
				AABF4473EBE32E1480D43866 /* Pods_BroadwayReader.framework */,
				761E2500D97F6D978189FE57 /* Pods_BroadwayReaderTests.framework */,
				F950BC51C4E7676ECF2584A6 /* Pods_BroadwayReaderUITests.framework */,
			);
			name = Frameworks;
			sourceTree = "<group>";
		};
/* End PBXGroup section */

/* Begin PBXNativeTarget section */
		5A2462EA1F6721FD00213A22 /* BroadwayReader */ = {
			isa = PBXNativeTarget;
			buildConfigurationList = 5A2463131F6721FD00213A22 /* Build configuration list for PBXNativeTarget "BroadwayReader" */;
			buildPhases = (
				1199F3B53F3FFB43C353B58C /* [CP] Check Pods Manifest.lock */,
				5A2462E71F6721FD00213A22 /* Sources */,
				5A2462E81F6721FD00213A22 /* Frameworks */,
				5A2462E91F6721FD00213A22 /* Resources */,
				27230B0A6C61446CEC72ED3E /* [CP] Embed Pods Frameworks */,
				90EE4A7B378024037B811A19 /* [CP] Copy Pods Resources */,
			);
			buildRules = (
			);
			dependencies = (
			);
			name = BroadwayReader;
			productName = BroadwayReader;
			productReference = 5A2462EB1F6721FD00213A22 /* BroadwayReader.app */;
			productType = "com.apple.product-type.application";
		};
		5A2462FE1F6721FD00213A22 /* BroadwayReaderTests */ = {
			isa = PBXNativeTarget;
			buildConfigurationList = 5A2463161F6721FD00213A22 /* Build configuration list for PBXNativeTarget "BroadwayReaderTests" */;
			buildPhases = (
				FA66C214AFF20803A9735697 /* [CP] Check Pods Manifest.lock */,
				5A2462FB1F6721FD00213A22 /* Sources */,
				5A2462FC1F6721FD00213A22 /* Frameworks */,
				5A2462FD1F6721FD00213A22 /* Resources */,
				0F2CDF590A02B4FAC8EB0044 /* [CP] Embed Pods Frameworks */,
				259870E528AB7E1F2F16AA9D /* [CP] Copy Pods Resources */,
			);
			buildRules = (
			);
			dependencies = (
				5A2463011F6721FD00213A22 /* PBXTargetDependency */,
			);
			name = BroadwayReaderTests;
			productName = BroadwayReaderTests;
			productReference = 5A2462FF1F6721FD00213A22 /* BroadwayReaderTests.xctest */;
			productType = "com.apple.product-type.bundle.unit-test";
		};
		5A2463091F6721FD00213A22 /* BroadwayReaderUITests */ = {
			isa = PBXNativeTarget;
			buildConfigurationList = 5A2463191F6721FD00213A22 /* Build configuration list for PBXNativeTarget "BroadwayReaderUITests" */;
			buildPhases = (
				3740C611D3DD5EB212E2A8C3 /* [CP] Check Pods Manifest.lock */,
				5A2463061F6721FD00213A22 /* Sources */,
				5A2463071F6721FD00213A22 /* Frameworks */,
				5A2463081F6721FD00213A22 /* Resources */,
				199592557889C8DA550B64FB /* [CP] Copy Pods Resources */,
			);
			buildRules = (
			);
			dependencies = (
				5A24630C1F6721FD00213A22 /* PBXTargetDependency */,
			);
			name = BroadwayReaderUITests;
			productName = BroadwayReaderUITests;
			productReference = 5A24630A1F6721FD00213A22 /* BroadwayReaderUITests.xctest */;
			productType = "com.apple.product-type.bundle.ui-testing";
		};
/* End PBXNativeTarget section */

/* Begin PBXProject section */
		5A2462E31F6721FD00213A22 /* Project object */ = {
			isa = PBXProject;
			attributes = {
				LastSwiftUpdateCheck = 0830;
				LastUpgradeCheck = 0830;
				ORGANIZATIONNAME = "Bob Law";
				TargetAttributes = {
					5A2462EA1F6721FD00213A22 = {
						CreatedOnToolsVersion = 8.3.3;
						ProvisioningStyle = Automatic;
					};
					5A2462FE1F6721FD00213A22 = {
						CreatedOnToolsVersion = 8.3.3;
						ProvisioningStyle = Automatic;
						TestTargetID = 5A2462EA1F6721FD00213A22;
					};
					5A2463091F6721FD00213A22 = {
						CreatedOnToolsVersion = 8.3.3;
						ProvisioningStyle = Automatic;
						TestTargetID = 5A2462EA1F6721FD00213A22;
					};
				};
			};
			buildConfigurationList = 5A2462E61F6721FD00213A22 /* Build configuration list for PBXProject "BroadwayReader" */;
			compatibilityVersion = "Xcode 3.2";
			developmentRegion = English;
			hasScannedForEncodings = 0;
			knownRegions = (
				en,
				Base,
			);
			mainGroup = 5A2462E21F6721FD00213A22;
			productRefGroup = 5A2462EC1F6721FD00213A22 /* Products */;
			projectDirPath = "";
			projectRoot = "";
			targets = (
				5A2462EA1F6721FD00213A22 /* BroadwayReader */,
				5A2462FE1F6721FD00213A22 /* BroadwayReaderTests */,
				5A2463091F6721FD00213A22 /* BroadwayReaderUITests */,
			);
		};
/* End PBXProject section */

/* Begin PBXResourcesBuildPhase section */
		5A2462E91F6721FD00213A22 /* Resources */ = {
			isa = PBXResourcesBuildPhase;
			buildActionMask = 2147483647;
			files = (
				5A2462F91F6721FD00213A22 /* LaunchScreen.storyboard in Resources */,
				5A2462F61F6721FD00213A22 /* Assets.xcassets in Resources */,
			);
			runOnlyForDeploymentPostprocessing = 0;
		};
		5A2462FD1F6721FD00213A22 /* Resources */ = {
			isa = PBXResourcesBuildPhase;
			buildActionMask = 2147483647;
			files = (
			);
			runOnlyForDeploymentPostprocessing = 0;
		};
		5A2463081F6721FD00213A22 /* Resources */ = {
			isa = PBXResourcesBuildPhase;
			buildActionMask = 2147483647;
			files = (
			);
			runOnlyForDeploymentPostprocessing = 0;
		};
/* End PBXResourcesBuildPhase section */

/* Begin PBXShellScriptBuildPhase section */
		0F2CDF590A02B4FAC8EB0044 /* [CP] Embed Pods Frameworks */ = {
			isa = PBXShellScriptBuildPhase;
			buildActionMask = 2147483647;
			files = (
			);
			inputPaths = (
			);
			name = "[CP] Embed Pods Frameworks";
			outputPaths = (
			);
			runOnlyForDeploymentPostprocessing = 0;
			shellPath = /bin/sh;
			shellScript = "\"${SRCROOT}/Pods/Target Support Files/Pods-BroadwayReaderTests/Pods-BroadwayReaderTests-frameworks.sh\"\n";
			showEnvVarsInLog = 0;
		};
		1199F3B53F3FFB43C353B58C /* [CP] Check Pods Manifest.lock */ = {
			isa = PBXShellScriptBuildPhase;
			buildActionMask = 2147483647;
			files = (
			);
			inputPaths = (
			);
			name = "[CP] Check Pods Manifest.lock";
			outputPaths = (
			);
			runOnlyForDeploymentPostprocessing = 0;
			shellPath = /bin/sh;
			shellScript = "diff \"${PODS_ROOT}/../Podfile.lock\" \"${PODS_ROOT}/Manifest.lock\" > /dev/null\nif [[ $? != 0 ]] ; then\n    cat << EOM\nerror: The sandbox is not in sync with the Podfile.lock. Run 'pod install' or update your CocoaPods installation.\nEOM\n    exit 1\nfi\n";
			showEnvVarsInLog = 0;
		};
		199592557889C8DA550B64FB /* [CP] Copy Pods Resources */ = {
			isa = PBXShellScriptBuildPhase;
			buildActionMask = 2147483647;
			files = (
			);
			inputPaths = (
			);
			name = "[CP] Copy Pods Resources";
			outputPaths = (
			);
			runOnlyForDeploymentPostprocessing = 0;
			shellPath = /bin/sh;
			shellScript = "\"${SRCROOT}/Pods/Target Support Files/Pods-BroadwayReaderUITests/Pods-BroadwayReaderUITests-resources.sh\"\n";
			showEnvVarsInLog = 0;
		};
		259870E528AB7E1F2F16AA9D /* [CP] Copy Pods Resources */ = {
			isa = PBXShellScriptBuildPhase;
			buildActionMask = 2147483647;
			files = (
			);
			inputPaths = (
			);
			name = "[CP] Copy Pods Resources";
			outputPaths = (
			);
			runOnlyForDeploymentPostprocessing = 0;
			shellPath = /bin/sh;
			shellScript = "\"${SRCROOT}/Pods/Target Support Files/Pods-BroadwayReaderTests/Pods-BroadwayReaderTests-resources.sh\"\n";
			showEnvVarsInLog = 0;
		};
		27230B0A6C61446CEC72ED3E /* [CP] Embed Pods Frameworks */ = {
			isa = PBXShellScriptBuildPhase;
			buildActionMask = 2147483647;
			files = (
			);
			inputPaths = (
			);
			name = "[CP] Embed Pods Frameworks";
			outputPaths = (
			);
			runOnlyForDeploymentPostprocessing = 0;
			shellPath = /bin/sh;
			shellScript = "\"${SRCROOT}/Pods/Target Support Files/Pods-BroadwayReader/Pods-BroadwayReader-frameworks.sh\"\n";
			showEnvVarsInLog = 0;
		};
		3740C611D3DD5EB212E2A8C3 /* [CP] Check Pods Manifest.lock */ = {
			isa = PBXShellScriptBuildPhase;
			buildActionMask = 2147483647;
			files = (
			);
			inputPaths = (
			);
			name = "[CP] Check Pods Manifest.lock";
			outputPaths = (
			);
			runOnlyForDeploymentPostprocessing = 0;
			shellPath = /bin/sh;
			shellScript = "diff \"${PODS_ROOT}/../Podfile.lock\" \"${PODS_ROOT}/Manifest.lock\" > /dev/null\nif [[ $? != 0 ]] ; then\n    cat << EOM\nerror: The sandbox is not in sync with the Podfile.lock. Run 'pod install' or update your CocoaPods installation.\nEOM\n    exit 1\nfi\n";
			showEnvVarsInLog = 0;
		};
		90EE4A7B378024037B811A19 /* [CP] Copy Pods Resources */ = {
			isa = PBXShellScriptBuildPhase;
			buildActionMask = 2147483647;
			files = (
			);
			inputPaths = (
			);
			name = "[CP] Copy Pods Resources";
			outputPaths = (
			);
			runOnlyForDeploymentPostprocessing = 0;
			shellPath = /bin/sh;
			shellScript = "\"${SRCROOT}/Pods/Target Support Files/Pods-BroadwayReader/Pods-BroadwayReader-resources.sh\"\n";
			showEnvVarsInLog = 0;
		};
		FA66C214AFF20803A9735697 /* [CP] Check Pods Manifest.lock */ = {
			isa = PBXShellScriptBuildPhase;
			buildActionMask = 2147483647;
			files = (
			);
			inputPaths = (
			);
			name = "[CP] Check Pods Manifest.lock";
			outputPaths = (
			);
			runOnlyForDeploymentPostprocessing = 0;
			shellPath = /bin/sh;
			shellScript = "diff \"${PODS_ROOT}/../Podfile.lock\" \"${PODS_ROOT}/Manifest.lock\" > /dev/null\nif [[ $? != 0 ]] ; then\n    cat << EOM\nerror: The sandbox is not in sync with the Podfile.lock. Run 'pod install' or update your CocoaPods installation.\nEOM\n    exit 1\nfi\n";
			showEnvVarsInLog = 0;
		};
/* End PBXShellScriptBuildPhase section */

/* Begin PBXSourcesBuildPhase section */
		5A2462E71F6721FD00213A22 /* Sources */ = {
			isa = PBXSourcesBuildPhase;
			buildActionMask = 2147483647;
			files = (
				5A2462F11F6721FD00213A22 /* ViewController.swift in Sources */,
				5A2462EF1F6721FD00213A22 /* AppDelegate.swift in Sources */,
			);
			runOnlyForDeploymentPostprocessing = 0;
		};
		5A2462FB1F6721FD00213A22 /* Sources */ = {
			isa = PBXSourcesBuildPhase;
			buildActionMask = 2147483647;
			files = (
				5A2463041F6721FD00213A22 /* BroadwayReaderTests.swift in Sources */,
			);
			runOnlyForDeploymentPostprocessing = 0;
		};
		5A2463061F6721FD00213A22 /* Sources */ = {
			isa = PBXSourcesBuildPhase;
			buildActionMask = 2147483647;
			files = (
				5A24630F1F6721FD00213A22 /* BroadwayReaderUITests.swift in Sources */,
			);
			runOnlyForDeploymentPostprocessing = 0;
		};
/* End PBXSourcesBuildPhase section */

/* Begin PBXTargetDependency section */
		5A2463011F6721FD00213A22 /* PBXTargetDependency */ = {
			isa = PBXTargetDependency;
			target = 5A2462EA1F6721FD00213A22 /* BroadwayReader */;
			targetProxy = 5A2463001F6721FD00213A22 /* PBXContainerItemProxy */;
		};
		5A24630C1F6721FD00213A22 /* PBXTargetDependency */ = {
			isa = PBXTargetDependency;
			target = 5A2462EA1F6721FD00213A22 /* BroadwayReader */;
			targetProxy = 5A24630B1F6721FD00213A22 /* PBXContainerItemProxy */;
		};
/* End PBXTargetDependency section */

/* Begin PBXVariantGroup section */
		5A2462F71F6721FD00213A22 /* LaunchScreen.storyboard */ = {
			isa = PBXVariantGroup;
			children = (
				5A2462F81F6721FD00213A22 /* Base */,
			);
			name = LaunchScreen.storyboard;
			sourceTree = "<group>";
		};
/* End PBXVariantGroup section */

/* Begin XCBuildConfiguration section */
		5A2463111F6721FD00213A22 /* Debug */ = {
			isa = XCBuildConfiguration;
			buildSettings = {
				ALWAYS_SEARCH_USER_PATHS = NO;
				CLANG_ANALYZER_NONNULL = YES;
				CLANG_ANALYZER_NUMBER_OBJECT_CONVERSION = YES_AGGRESSIVE;
				CLANG_CXX_LANGUAGE_STANDARD = "gnu++0x";
				CLANG_CXX_LIBRARY = "libc++";
				CLANG_ENABLE_MODULES = YES;
				CLANG_ENABLE_OBJC_ARC = YES;
				CLANG_WARN_BOOL_CONVERSION = YES;
				CLANG_WARN_CONSTANT_CONVERSION = YES;
				CLANG_WARN_DIRECT_OBJC_ISA_USAGE = YES_ERROR;
				CLANG_WARN_DOCUMENTATION_COMMENTS = YES;
				CLANG_WARN_EMPTY_BODY = YES;
				CLANG_WARN_ENUM_CONVERSION = YES;
				CLANG_WARN_INFINITE_RECURSION = YES;
				CLANG_WARN_INT_CONVERSION = YES;
				CLANG_WARN_OBJC_ROOT_CLASS = YES_ERROR;
				CLANG_WARN_SUSPICIOUS_MOVE = YES;
				CLANG_WARN_UNREACHABLE_CODE = YES;
				CLANG_WARN__DUPLICATE_METHOD_MATCH = YES;
				"CODE_SIGN_IDENTITY[sdk=iphoneos*]" = "iPhone Developer";
				COPY_PHASE_STRIP = NO;
				DEBUG_INFORMATION_FORMAT = dwarf;
				ENABLE_STRICT_OBJC_MSGSEND = YES;
				ENABLE_TESTABILITY = YES;
				GCC_C_LANGUAGE_STANDARD = gnu99;
				GCC_DYNAMIC_NO_PIC = NO;
				GCC_NO_COMMON_BLOCKS = YES;
				GCC_OPTIMIZATION_LEVEL = 0;
				GCC_PREPROCESSOR_DEFINITIONS = (
					"DEBUG=1",
					"$(inherited)",
				);
				GCC_WARN_64_TO_32_BIT_CONVERSION = YES;
				GCC_WARN_ABOUT_RETURN_TYPE = YES_ERROR;
				GCC_WARN_UNDECLARED_SELECTOR = YES;
				GCC_WARN_UNINITIALIZED_AUTOS = YES_AGGRESSIVE;
				GCC_WARN_UNUSED_FUNCTION = YES;
				GCC_WARN_UNUSED_VARIABLE = YES;
				IPHONEOS_DEPLOYMENT_TARGET = 10.3;
				MTL_ENABLE_DEBUG_INFO = YES;
				ONLY_ACTIVE_ARCH = YES;
				SDKROOT = iphoneos;
				SWIFT_ACTIVE_COMPILATION_CONDITIONS = DEBUG;
				SWIFT_OPTIMIZATION_LEVEL = "-Onone";
			};
			name = Debug;
		};
		5A2463121F6721FD00213A22 /* Release */ = {
			isa = XCBuildConfiguration;
			buildSettings = {
				ALWAYS_SEARCH_USER_PATHS = NO;
				CLANG_ANALYZER_NONNULL = YES;
				CLANG_ANALYZER_NUMBER_OBJECT_CONVERSION = YES_AGGRESSIVE;
				CLANG_CXX_LANGUAGE_STANDARD = "gnu++0x";
				CLANG_CXX_LIBRARY = "libc++";
				CLANG_ENABLE_MODULES = YES;
				CLANG_ENABLE_OBJC_ARC = YES;
				CLANG_WARN_BOOL_CONVERSION = YES;
				CLANG_WARN_CONSTANT_CONVERSION = YES;
				CLANG_WARN_DIRECT_OBJC_ISA_USAGE = YES_ERROR;
				CLANG_WARN_DOCUMENTATION_COMMENTS = YES;
				CLANG_WARN_EMPTY_BODY = YES;
				CLANG_WARN_ENUM_CONVERSION = YES;
				CLANG_WARN_INFINITE_RECURSION = YES;
				CLANG_WARN_INT_CONVERSION = YES;
				CLANG_WARN_OBJC_ROOT_CLASS = YES_ERROR;
				CLANG_WARN_SUSPICIOUS_MOVE = YES;
				CLANG_WARN_UNREACHABLE_CODE = YES;
				CLANG_WARN__DUPLICATE_METHOD_MATCH = YES;
				"CODE_SIGN_IDENTITY[sdk=iphoneos*]" = "iPhone Developer";
				COPY_PHASE_STRIP = NO;
				DEBUG_INFORMATION_FORMAT = "dwarf-with-dsym";
				ENABLE_NS_ASSERTIONS = NO;
				ENABLE_STRICT_OBJC_MSGSEND = YES;
				GCC_C_LANGUAGE_STANDARD = gnu99;
				GCC_NO_COMMON_BLOCKS = YES;
				GCC_WARN_64_TO_32_BIT_CONVERSION = YES;
				GCC_WARN_ABOUT_RETURN_TYPE = YES_ERROR;
				GCC_WARN_UNDECLARED_SELECTOR = YES;
				GCC_WARN_UNINITIALIZED_AUTOS = YES_AGGRESSIVE;
				GCC_WARN_UNUSED_FUNCTION = YES;
				GCC_WARN_UNUSED_VARIABLE = YES;
				IPHONEOS_DEPLOYMENT_TARGET = 10.3;
				MTL_ENABLE_DEBUG_INFO = NO;
				SDKROOT = iphoneos;
				SWIFT_OPTIMIZATION_LEVEL = "-Owholemodule";
				VALIDATE_PRODUCT = YES;
			};
			name = Release;
		};
		5A2463141F6721FD00213A22 /* Debug */ = {
			isa = XCBuildConfiguration;
			baseConfigurationReference = 6BC247F6226F27C78170D10B /* Pods-BroadwayReader.debug.xcconfig */;
			buildSettings = {
				ASSETCATALOG_COMPILER_APPICON_NAME = AppIcon;
				INFOPLIST_FILE = BroadwayReader/Info.plist;
				LD_RUNPATH_SEARCH_PATHS = "$(inherited) @executable_path/Frameworks";
				PRODUCT_BUNDLE_IDENTIFIER = blaw711.BroadwayReader;
				PRODUCT_NAME = "$(TARGET_NAME)";
				SWIFT_VERSION = 3.0;
			};
			name = Debug;
		};
		5A2463151F6721FD00213A22 /* Release */ = {
			isa = XCBuildConfiguration;
			baseConfigurationReference = EA3E09B91B70DBCA2993B406 /* Pods-BroadwayReader.release.xcconfig */;
			buildSettings = {
				ASSETCATALOG_COMPILER_APPICON_NAME = AppIcon;
				INFOPLIST_FILE = BroadwayReader/Info.plist;
				LD_RUNPATH_SEARCH_PATHS = "$(inherited) @executable_path/Frameworks";
				PRODUCT_BUNDLE_IDENTIFIER = blaw711.BroadwayReader;
				PRODUCT_NAME = "$(TARGET_NAME)";
				SWIFT_VERSION = 3.0;
			};
			name = Release;
		};
		5A2463171F6721FD00213A22 /* Debug */ = {
			isa = XCBuildConfiguration;
			baseConfigurationReference = 5E54C9FCA56B2D458E0D29D9 /* Pods-BroadwayReaderTests.debug.xcconfig */;
			buildSettings = {
				ALWAYS_EMBED_SWIFT_STANDARD_LIBRARIES = YES;
				BUNDLE_LOADER = "$(TEST_HOST)";
				INFOPLIST_FILE = BroadwayReaderTests/Info.plist;
				LD_RUNPATH_SEARCH_PATHS = "$(inherited) @executable_path/Frameworks @loader_path/Frameworks";
				PRODUCT_BUNDLE_IDENTIFIER = blaw711.BroadwayReaderTests;
				PRODUCT_NAME = "$(TARGET_NAME)";
				SWIFT_VERSION = 3.0;
				TEST_HOST = "$(BUILT_PRODUCTS_DIR)/BroadwayReader.app/BroadwayReader";
			};
			name = Debug;
		};
		5A2463181F6721FD00213A22 /* Release */ = {
			isa = XCBuildConfiguration;
			baseConfigurationReference = F9C23C675C385B00B9E194C8 /* Pods-BroadwayReaderTests.release.xcconfig */;
			buildSettings = {
				ALWAYS_EMBED_SWIFT_STANDARD_LIBRARIES = YES;
				BUNDLE_LOADER = "$(TEST_HOST)";
				INFOPLIST_FILE = BroadwayReaderTests/Info.plist;
				LD_RUNPATH_SEARCH_PATHS = "$(inherited) @executable_path/Frameworks @loader_path/Frameworks";
				PRODUCT_BUNDLE_IDENTIFIER = blaw711.BroadwayReaderTests;
				PRODUCT_NAME = "$(TARGET_NAME)";
				SWIFT_VERSION = 3.0;
				TEST_HOST = "$(BUILT_PRODUCTS_DIR)/BroadwayReader.app/BroadwayReader";
			};
			name = Release;
		};
		5A24631A1F6721FD00213A22 /* Debug */ = {
			isa = XCBuildConfiguration;
			baseConfigurationReference = 50960F6DC894016C9AC9F992 /* Pods-BroadwayReaderUITests.debug.xcconfig */;
			buildSettings = {
				ALWAYS_EMBED_SWIFT_STANDARD_LIBRARIES = YES;
				INFOPLIST_FILE = BroadwayReaderUITests/Info.plist;
				LD_RUNPATH_SEARCH_PATHS = "$(inherited) @executable_path/Frameworks @loader_path/Frameworks";
				PRODUCT_BUNDLE_IDENTIFIER = blaw711.BroadwayReaderUITests;
				PRODUCT_NAME = "$(TARGET_NAME)";
				SWIFT_VERSION = 3.0;
				TEST_TARGET_NAME = BroadwayReader;
			};
			name = Debug;
		};
		5A24631B1F6721FD00213A22 /* Release */ = {
			isa = XCBuildConfiguration;
			baseConfigurationReference = 1BE8B7CB024945622FE5C0FA /* Pods-BroadwayReaderUITests.release.xcconfig */;
			buildSettings = {
				ALWAYS_EMBED_SWIFT_STANDARD_LIBRARIES = YES;
				INFOPLIST_FILE = BroadwayReaderUITests/Info.plist;
				LD_RUNPATH_SEARCH_PATHS = "$(inherited) @executable_path/Frameworks @loader_path/Frameworks";
				PRODUCT_BUNDLE_IDENTIFIER = blaw711.BroadwayReaderUITests;
				PRODUCT_NAME = "$(TARGET_NAME)";
				SWIFT_VERSION = 3.0;
				TEST_TARGET_NAME = BroadwayReader;
			};
			name = Release;
		};
/* End XCBuildConfiguration section */

/* Begin XCConfigurationList section */
		5A2462E61F6721FD00213A22 /* Build configuration list for PBXProject "BroadwayReader" */ = {
			isa = XCConfigurationList;
			buildConfigurations = (
				5A2463111F6721FD00213A22 /* Debug */,
				5A2463121F6721FD00213A22 /* Release */,
			);
			defaultConfigurationIsVisible = 0;
			defaultConfigurationName = Release;
		};
		5A2463131F6721FD00213A22 /* Build configuration list for PBXNativeTarget "BroadwayReader" */ = {
			isa = XCConfigurationList;
			buildConfigurations = (
				5A2463141F6721FD00213A22 /* Debug */,
				5A2463151F6721FD00213A22 /* Release */,
			);
			defaultConfigurationIsVisible = 0;
			defaultConfigurationName = Release;
		};
		5A2463161F6721FD00213A22 /* Build configuration list for PBXNativeTarget "BroadwayReaderTests" */ = {
			isa = XCConfigurationList;
			buildConfigurations = (
				5A2463171F6721FD00213A22 /* Debug */,
				5A2463181F6721FD00213A22 /* Release */,
			);
			defaultConfigurationIsVisible = 0;
			defaultConfigurationName = Release;
		};
		5A2463191F6721FD00213A22 /* Build configuration list for PBXNativeTarget "BroadwayReaderUITests" */ = {
			isa = XCConfigurationList;
			buildConfigurations = (
				5A24631A1F6721FD00213A22 /* Debug */,
				5A24631B1F6721FD00213A22 /* Release */,
			);
			defaultConfigurationIsVisible = 0;
			defaultConfigurationName = Release;
		};
/* End XCConfigurationList section */
	};
	rootObject = 5A2462E31F6721FD00213A22 /* Project object */;
}
